
Microsoft Visual Studio Solution File, Format Version 12.00
# Visual Studio 2012
Project("{FAE04EC0-301F-11D3-BF4B-00C04F79EFBC}") = "CryptocoinTicker.GUI", "CryptocoinTicker.GUI\CryptocoinTicker.GUI.csproj", "{DB1CED8C-5C70-4049-8E84-ED09B53FE6A0}"
	ProjectSection(ProjectDependencies) = postProject
		{4B68B72A-D674-45BC-96CD-EBF19BD18D3D} = {4B68B72A-D674-45BC-96CD-EBF19BD18D3D}
		{1C6A1A42-BD19-4ED4-B94D-4C9BCFB9F16A} = {1C6A1A42-BD19-4ED4-B94D-4C9BCFB9F16A}
		{CBF0DB79-FBAF-4D3A-976D-7286CF358AD5} = {CBF0DB79-FBAF-4D3A-976D-7286CF358AD5}
		{A7C8D79B-E421-4EFE-8506-07CF6147AEB0} = {A7C8D79B-E421-4EFE-8506-07CF6147AEB0}
		{444E4DDC-4291-4E5E-B4E0-2FB94979FB75} = {444E4DDC-4291-4E5E-B4E0-2FB94979FB75}
	EndProjectSection
EndProject
Project("{FAE04EC0-301F-11D3-BF4B-00C04F79EFBC}") = "CryptocoinTicker.Contract", "CryptocoinTicker.Contract\CryptocoinTicker.Contract.csproj", "{F29F0761-B8B6-42F0-8A58-EAFD6DF78D93}"
EndProject
Project("{FAE04EC0-301F-11D3-BF4B-00C04F79EFBC}") = "CryptocoinTicker.BusinessLogic", "CryptocoinTicker.BusinessLogic\CryptocoinTicker.BusinessLogic.csproj", "{5B9C1D23-9BA6-4AB3-8B7D-37C26F69E3BE}"
EndProject
Project("{FAE04EC0-301F-11D3-BF4B-00C04F79EFBC}") = "CryptocoinTicker.BTCePlugins", "CryptocoinTicker.BTCePlugins\CryptocoinTicker.BTCePlugins.csproj", "{A7C8D79B-E421-4EFE-8506-07CF6147AEB0}"
EndProject
Project("{FAE04EC0-301F-11D3-BF4B-00C04F79EFBC}") = "CryptocoinTicker.VircurexPlugins", "CryptocoinTicker.VircurexPlugins\CryptocoinTicker.VircurexPlugins.csproj", "{1C6A1A42-BD19-4ED4-B94D-4C9BCFB9F16A}"
EndProject
Project("{FAE04EC0-301F-11D3-BF4B-00C04F79EFBC}") = "CryptocoinTicker.MtGoxPlugins", "CryptocoinTicker.MtGoxPlugins\CryptocoinTicker.MtGoxPlugins.csproj", "{CBF0DB79-FBAF-4D3A-976D-7286CF358AD5}"
EndProject
Project("{FAE04EC0-301F-11D3-BF4B-00C04F79EFBC}") = "CryptocoinTicker.BitstampPlugins", "CryptocoinTicker.BitstampPlugins\CryptocoinTicker.BitstampPlugins.csproj", "{444E4DDC-4291-4E5E-B4E0-2FB94979FB75}"
EndProject
Project("{FAE04EC0-301F-11D3-BF4B-00C04F79EFBC}") = "CryptocoinTicker.KrakenPlugins", "CryptocoinTicker.KrakenPlugins\CryptocoinTicker.KrakenPlugins.csproj", "{4B68B72A-D674-45BC-96CD-EBF19BD18D3D}"
EndProject
Global
	GlobalSection(SolutionConfigurationPlatforms) = preSolution
		Debug|Any CPU = Debug|Any CPU
		Release|Any CPU = Release|Any CPU
	EndGlobalSection
	GlobalSection(ProjectConfigurationPlatforms) = postSolution
		{DB1CED8C-5C70-4049-8E84-ED09B53FE6A0}.Debug|Any CPU.ActiveCfg = Debug|Any CPU
		{DB1CED8C-5C70-4049-8E84-ED09B53FE6A0}.Debug|Any CPU.Build.0 = Debug|Any CPU
		{DB1CED8C-5C70-4049-8E84-ED09B53FE6A0}.Release|Any CPU.ActiveCfg = Release|Any CPU
		{DB1CED8C-5C70-4049-8E84-ED09B53FE6A0}.Release|Any CPU.Build.0 = Release|Any CPU
		{F29F0761-B8B6-42F0-8A58-EAFD6DF78D93}.Debug|Any CPU.ActiveCfg = Debug|Any CPU
		{F29F0761-B8B6-42F0-8A58-EAFD6DF78D93}.Debug|Any CPU.Build.0 = Debug|Any CPU
		{F29F0761-B8B6-42F0-8A58-EAFD6DF78D93}.Release|Any CPU.ActiveCfg = Release|Any CPU
		{F29F0761-B8B6-42F0-8A58-EAFD6DF78D93}.Release|Any CPU.Build.0 = Release|Any CPU
		{5B9C1D23-9BA6-4AB3-8B7D-37C26F69E3BE}.Debug|Any CPU.ActiveCfg = Debug|Any CPU
		{5B9C1D23-9BA6-4AB3-8B7D-37C26F69E3BE}.Debug|Any CPU.Build.0 = Debug|Any CPU
		{5B9C1D23-9BA6-4AB3-8B7D-37C26F69E3BE}.Release|Any CPU.ActiveCfg = Release|Any CPU
		{5B9C1D23-9BA6-4AB3-8B7D-37C26F69E3BE}.Release|Any CPU.Build.0 = Release|Any CPU
		{A7C8D79B-E421-4EFE-8506-07CF6147AEB0}.Debug|Any CPU.ActiveCfg = Debug|Any CPU
		{A7C8D79B-E421-4EFE-8506-07CF6147AEB0}.Debug|Any CPU.Build.0 = Debug|Any CPU
		{A7C8D79B-E421-4EFE-8506-07CF6147AEB0}.Release|Any CPU.ActiveCfg = Release|Any CPU
		{A7C8D79B-E421-4EFE-8506-07CF6147AEB0}.Release|Any CPU.Build.0 = Release|Any CPU
		{1C6A1A42-BD19-4ED4-B94D-4C9BCFB9F16A}.Debug|Any CPU.ActiveCfg = Debug|Any CPU
		{1C6A1A42-BD19-4ED4-B94D-4C9BCFB9F16A}.Debug|Any CPU.Build.0 = Debug|Any CPU
		{1C6A1A42-BD19-4ED4-B94D-4C9BCFB9F16A}.Release|Any CPU.ActiveCfg = Release|Any CPU
		{1C6A1A42-BD19-4ED4-B94D-4C9BCFB9F16A}.Release|Any CPU.Build.0 = Release|Any CPU
		{CBF0DB79-FBAF-4D3A-976D-7286CF358AD5}.Debug|Any CPU.ActiveCfg = Debug|Any CPU
		{CBF0DB79-FBAF-4D3A-976D-7286CF358AD5}.Debug|Any CPU.Build.0 = Debug|Any CPU
		{CBF0DB79-FBAF-4D3A-976D-7286CF358AD5}.Release|Any CPU.ActiveCfg = Release|Any CPU
		{CBF0DB79-FBAF-4D3A-976D-7286CF358AD5}.Release|Any CPU.Build.0 = Release|Any CPU
		{444E4DDC-4291-4E5E-B4E0-2FB94979FB75}.Debug|Any CPU.ActiveCfg = Debug|Any CPU
		{444E4DDC-4291-4E5E-B4E0-2FB94979FB75}.Debug|Any CPU.Build.0 = Debug|Any CPU
		{444E4DDC-4291-4E5E-B4E0-2FB94979FB75}.Release|Any CPU.ActiveCfg = Release|Any CPU
		{444E4DDC-4291-4E5E-B4E0-2FB94979FB75}.Release|Any CPU.Build.0 = Release|Any CPU
		{4B68B72A-D674-45BC-96CD-EBF19BD18D3D}.Debug|Any CPU.ActiveCfg = Debug|Any CPU
		{4B68B72A-D674-45BC-96CD-EBF19BD18D3D}.Debug|Any CPU.Build.0 = Debug|Any CPU
		{4B68B72A-D674-45BC-96CD-EBF19BD18D3D}.Release|Any CPU.ActiveCfg = Release|Any CPU
		{4B68B72A-D674-45BC-96CD-EBF19BD18D3D}.Release|Any CPU.Build.0 = Release|Any CPU
	EndGlobalSection
	GlobalSection(SolutionProperties) = preSolution
		HideSolutionNode = FALSE
	EndGlobalSection
EndGlobal
